// !$*UTF8*$!
{
	archiveVersion = 1;
	classes = {
	};
	objectVersion = 46;
	objects = {

/* Begin PBXBuildFile section */
		3C4B3C2A1C77213400866FCB /* AboutViewController.swift in Sources */ = {isa = PBXBuildFile; fileRef = 3C4B3C231C77213400866FCB /* AboutViewController.swift */; };
		3C4B3C2B1C77213400866FCB /* CategoriesViewController.swift in Sources */ = {isa = PBXBuildFile; fileRef = 3C4B3C241C77213400866FCB /* CategoriesViewController.swift */; };
		3C4B3C2C1C77213400866FCB /* CategoryDetailViewController.swift in Sources */ = {isa = PBXBuildFile; fileRef = 3C4B3C251C77213400866FCB /* CategoryDetailViewController.swift */; };
		3C4B3C2D1C77213400866FCB /* LoginViewController.swift in Sources */ = {isa = PBXBuildFile; fileRef = 3C4B3C261C77213400866FCB /* LoginViewController.swift */; };
		3C4B3C2E1C77213400866FCB /* MealDetailViewController.swift in Sources */ = {isa = PBXBuildFile; fileRef = 3C4B3C271C77213400866FCB /* MealDetailViewController.swift */; };
		3C4B3C2F1C77213400866FCB /* TopMealsViewController.swift in Sources */ = {isa = PBXBuildFile; fileRef = 3C4B3C281C77213400866FCB /* TopMealsViewController.swift */; };
		3C4B3C301C77213400866FCB /* ViewController.swift in Sources */ = {isa = PBXBuildFile; fileRef = 3C4B3C291C77213400866FCB /* ViewController.swift */; };
		3C4B3C351C77215D00866FCB /* Category.swift in Sources */ = {isa = PBXBuildFile; fileRef = 3C4B3C321C77215D00866FCB /* Category.swift */; };
		3C4B3C361C77215D00866FCB /* Meal.swift in Sources */ = {isa = PBXBuildFile; fileRef = 3C4B3C331C77215D00866FCB /* Meal.swift */; };
		3C4B3C371C77215D00866FCB /* ModelGenerator.swift in Sources */ = {isa = PBXBuildFile; fileRef = 3C4B3C341C77215D00866FCB /* ModelGenerator.swift */; };
		3CDBADF71C6DC2F3003A26EC /* AppDelegate.swift in Sources */ = {isa = PBXBuildFile; fileRef = 3CDBADF61C6DC2F3003A26EC /* AppDelegate.swift */; };
		3CDBADFC1C6DC2F3003A26EC /* Main.storyboard in Resources */ = {isa = PBXBuildFile; fileRef = 3CDBADFA1C6DC2F3003A26EC /* Main.storyboard */; };
		3CDBADFE1C6DC2F3003A26EC /* Assets.xcassets in Resources */ = {isa = PBXBuildFile; fileRef = 3CDBADFD1C6DC2F3003A26EC /* Assets.xcassets */; };
		3CDBAE011C6DC2F3003A26EC /* LaunchScreen.storyboard in Resources */ = {isa = PBXBuildFile; fileRef = 3CDBADFF1C6DC2F3003A26EC /* LaunchScreen.storyboard */; };
		3CDBAE211C6DF2C6003A26EC /* CustomTableViewCell.swift in Sources */ = {isa = PBXBuildFile; fileRef = 3CDBAE201C6DF2C6003A26EC /* CustomTableViewCell.swift */; };
/* End PBXBuildFile section */

/* Begin PBXFileReference section */
		3C4B3C231C77213400866FCB /* AboutViewController.swift */ = {isa = PBXFileReference; fileEncoding = 4; lastKnownFileType = sourcecode.swift; path = AboutViewController.swift; sourceTree = "<group>"; };
		3C4B3C241C77213400866FCB /* CategoriesViewController.swift */ = {isa = PBXFileReference; fileEncoding = 4; lastKnownFileType = sourcecode.swift; path = CategoriesViewController.swift; sourceTree = "<group>"; };
		3C4B3C251C77213400866FCB /* CategoryDetailViewController.swift */ = {isa = PBXFileReference; fileEncoding = 4; lastKnownFileType = sourcecode.swift; path = CategoryDetailViewController.swift; sourceTree = "<group>"; };
		3C4B3C261C77213400866FCB /* LoginViewController.swift */ = {isa = PBXFileReference; fileEncoding = 4; lastKnownFileType = sourcecode.swift; path = LoginViewController.swift; sourceTree = "<group>"; };
		3C4B3C271C77213400866FCB /* MealDetailViewController.swift */ = {isa = PBXFileReference; fileEncoding = 4; lastKnownFileType = sourcecode.swift; path = MealDetailViewController.swift; sourceTree = "<group>"; };
		3C4B3C281C77213400866FCB /* TopMealsViewController.swift */ = {isa = PBXFileReference; fileEncoding = 4; lastKnownFileType = sourcecode.swift; path = TopMealsViewController.swift; sourceTree = "<group>"; };
		3C4B3C291C77213400866FCB /* ViewController.swift */ = {isa = PBXFileReference; fileEncoding = 4; lastKnownFileType = sourcecode.swift; path = ViewController.swift; sourceTree = "<group>"; };
		3C4B3C321C77215D00866FCB /* Category.swift */ = {isa = PBXFileReference; fileEncoding = 4; lastKnownFileType = sourcecode.swift; path = Category.swift; sourceTree = "<group>"; };
		3C4B3C331C77215D00866FCB /* Meal.swift */ = {isa = PBXFileReference; fileEncoding = 4; lastKnownFileType = sourcecode.swift; path = Meal.swift; sourceTree = "<group>"; };
		3C4B3C341C77215D00866FCB /* ModelGenerator.swift */ = {isa = PBXFileReference; fileEncoding = 4; lastKnownFileType = sourcecode.swift; path = ModelGenerator.swift; sourceTree = "<group>"; };
		3CDBADF31C6DC2F3003A26EC /* Sell'n Yum.app */ = {isa = PBXFileReference; explicitFileType = wrapper.application; includeInIndex = 0; path = "Sell'n Yum.app"; sourceTree = BUILT_PRODUCTS_DIR; };
		3CDBADF61C6DC2F3003A26EC /* AppDelegate.swift */ = {isa = PBXFileReference; lastKnownFileType = sourcecode.swift; path = AppDelegate.swift; sourceTree = "<group>"; };
		3CDBADFB1C6DC2F3003A26EC /* Base */ = {isa = PBXFileReference; lastKnownFileType = file.storyboard; name = Base; path = Base.lproj/Main.storyboard; sourceTree = "<group>"; };
		3CDBADFD1C6DC2F3003A26EC /* Assets.xcassets */ = {isa = PBXFileReference; lastKnownFileType = folder.assetcatalog; path = Assets.xcassets; sourceTree = "<group>"; };
		3CDBAE001C6DC2F3003A26EC /* Base */ = {isa = PBXFileReference; lastKnownFileType = file.storyboard; name = Base; path = Base.lproj/LaunchScreen.storyboard; sourceTree = "<group>"; };
		3CDBAE021C6DC2F3003A26EC /* Info.plist */ = {isa = PBXFileReference; lastKnownFileType = text.plist.xml; path = Info.plist; sourceTree = "<group>"; };
		3CDBAE201C6DF2C6003A26EC /* CustomTableViewCell.swift */ = {isa = PBXFileReference; fileEncoding = 4; lastKnownFileType = sourcecode.swift; path = CustomTableViewCell.swift; sourceTree = "<group>"; };
/* End PBXFileReference section */

/* Begin PBXFrameworksBuildPhase section */
		3CDBADF01C6DC2F3003A26EC /* Frameworks */ = {
			isa = PBXFrameworksBuildPhase;
			buildActionMask = 2147483647;
			files = (
			);
			runOnlyForDeploymentPostprocessing = 0;
		};
/* End PBXFrameworksBuildPhase section */

/* Begin PBXGroup section */
		3C4B3C221C77213400866FCB /* Controllers */ = {
			isa = PBXGroup;
			children = (
				3C4B3C231C77213400866FCB /* AboutViewController.swift */,
				3C4B3C241C77213400866FCB /* CategoriesViewController.swift */,
				3C4B3C251C77213400866FCB /* CategoryDetailViewController.swift */,
				3C4B3C261C77213400866FCB /* LoginViewController.swift */,
				3C4B3C271C77213400866FCB /* MealDetailViewController.swift */,
				3C4B3C281C77213400866FCB /* TopMealsViewController.swift */,
				3C4B3C291C77213400866FCB /* ViewController.swift */,
			);
			path = Controllers;
			sourceTree = "<group>";
		};
		3C4B3C311C77215D00866FCB /* Models */ = {
			isa = PBXGroup;
			children = (
				3C4B3C321C77215D00866FCB /* Category.swift */,
				3C4B3C331C77215D00866FCB /* Meal.swift */,
				3C4B3C341C77215D00866FCB /* ModelGenerator.swift */,
			);
			path = Models;
			sourceTree = "<group>";
		};
		3CDBADEA1C6DC2F3003A26EC = {
			isa = PBXGroup;
			children = (
				3CDBADF51C6DC2F3003A26EC /* Sell'n Yum */,
				3CDBADF41C6DC2F3003A26EC /* Products */,
			);
			sourceTree = "<group>";
		};
		3CDBADF41C6DC2F3003A26EC /* Products */ = {
			isa = PBXGroup;
			children = (
				3CDBADF31C6DC2F3003A26EC /* Sell'n Yum.app */,
			);
			name = Products;
			sourceTree = "<group>";
		};
		3CDBADF51C6DC2F3003A26EC /* Sell'n Yum */ = {
			isa = PBXGroup;
			children = (
				3C4B3C311C77215D00866FCB /* Models */,
				3C4B3C221C77213400866FCB /* Controllers */,
				3CDBADF61C6DC2F3003A26EC /* AppDelegate.swift */,
				3CDBAE201C6DF2C6003A26EC /* CustomTableViewCell.swift */,
				3CDBADFA1C6DC2F3003A26EC /* Main.storyboard */,
				3CDBADFD1C6DC2F3003A26EC /* Assets.xcassets */,
				3CDBADFF1C6DC2F3003A26EC /* LaunchScreen.storyboard */,
				3CDBAE021C6DC2F3003A26EC /* Info.plist */,
			);
			path = "Sell'n Yum";
			sourceTree = "<group>";
		};
/* End PBXGroup section */

/* Begin PBXNativeTarget section */
		3CDBADF21C6DC2F3003A26EC /* Sell'n Yum */ = {
			isa = PBXNativeTarget;
			buildConfigurationList = 3CDBAE051C6DC2F3003A26EC /* Build configuration list for PBXNativeTarget "Sell'n Yum" */;
			buildPhases = (
				3CDBADEF1C6DC2F3003A26EC /* Sources */,
				3CDBADF01C6DC2F3003A26EC /* Frameworks */,
				3CDBADF11C6DC2F3003A26EC /* Resources */,
			);
			buildRules = (
			);
			dependencies = (
			);
			name = "Sell'n Yum";
			productName = "Sell'n Yum";
			productReference = 3CDBADF31C6DC2F3003A26EC /* Sell'n Yum.app */;
			productType = "com.apple.product-type.application";
		};
/* End PBXNativeTarget section */

/* Begin PBXProject section */
		3CDBADEB1C6DC2F3003A26EC /* Project object */ = {
			isa = PBXProject;
			attributes = {
				LastSwiftUpdateCheck = 0720;
				LastUpgradeCheck = 0720;
				ORGANIZATIONNAME = "Jonathan Durieu";
				TargetAttributes = {
					3CDBADF21C6DC2F3003A26EC = {
						CreatedOnToolsVersion = 7.2.1;
						DevelopmentTeam = P2BJD6MUUA;
					};
				};
			};
			buildConfigurationList = 3CDBADEE1C6DC2F3003A26EC /* Build configuration list for PBXProject "Sell'n Yum" */;
			compatibilityVersion = "Xcode 3.2";
			developmentRegion = English;
			hasScannedForEncodings = 0;
			knownRegions = (
				en,
				Base,
			);
			mainGroup = 3CDBADEA1C6DC2F3003A26EC;
			productRefGroup = 3CDBADF41C6DC2F3003A26EC /* Products */;
			projectDirPath = "";
			projectRoot = "";
			targets = (
				3CDBADF21C6DC2F3003A26EC /* Sell'n Yum */,
			);
		};
/* End PBXProject section */

/* Begin PBXResourcesBuildPhase section */
		3CDBADF11C6DC2F3003A26EC /* Resources */ = {
			isa = PBXResourcesBuildPhase;
			buildActionMask = 2147483647;
			files = (
				3CDBAE011C6DC2F3003A26EC /* LaunchScreen.storyboard in Resources */,
				3CDBADFE1C6DC2F3003A26EC /* Assets.xcassets in Resources */,
				3CDBADFC1C6DC2F3003A26EC /* Main.storyboard in Resources */,
			);
			runOnlyForDeploymentPostprocessing = 0;
		};
/* End PBXResourcesBuildPhase section */

/* Begin PBXSourcesBuildPhase section */
		3CDBADEF1C6DC2F3003A26EC /* Sources */ = {
			isa = PBXSourcesBuildPhase;
			buildActionMask = 2147483647;
			files = (
				3C4B3C371C77215D00866FCB /* ModelGenerator.swift in Sources */,
				3C4B3C301C77213400866FCB /* ViewController.swift in Sources */,
				3C4B3C2E1C77213400866FCB /* MealDetailViewController.swift in Sources */,
				3CDBAE211C6DF2C6003A26EC /* CustomTableViewCell.swift in Sources */,
				3C4B3C351C77215D00866FCB /* Category.swift in Sources */,
				3C4B3C2C1C77213400866FCB /* CategoryDetailViewController.swift in Sources */,
				3CDBADF71C6DC2F3003A26EC /* AppDelegate.swift in Sources */,
				3C4B3C2F1C77213400866FCB /* TopMealsViewController.swift in Sources */,
				3C4B3C361C77215D00866FCB /* Meal.swift in Sources */,
				3C4B3C2D1C77213400866FCB /* LoginViewController.swift in Sources */,
				3C4B3C2A1C77213400866FCB /* AboutViewController.swift in Sources */,
				3C4B3C2B1C77213400866FCB /* CategoriesViewController.swift in Sources */,
			);
			runOnlyForDeploymentPostprocessing = 0;
		};
/* End PBXSourcesBuildPhase section */

/* Begin PBXVariantGroup section */
		3CDBADFA1C6DC2F3003A26EC /* Main.storyboard */ = {
			isa = PBXVariantGroup;
			children = (
				3CDBADFB1C6DC2F3003A26EC /* Base */,
			);
			name = Main.storyboard;
			sourceTree = "<group>";
		};
		3CDBADFF1C6DC2F3003A26EC /* LaunchScreen.storyboard */ = {
			isa = PBXVariantGroup;
			children = (
				3CDBAE001C6DC2F3003A26EC /* Base */,
			);
			name = LaunchScreen.storyboard;
			sourceTree = "<group>";
		};
/* End PBXVariantGroup section */

/* Begin XCBuildConfiguration section */
		3CDBAE031C6DC2F3003A26EC /* Debug */ = {
			isa = XCBuildConfiguration;
			buildSettings = {
				ALWAYS_SEARCH_USER_PATHS = NO;
				CLANG_CXX_LANGUAGE_STANDARD = "gnu++0x";
				CLANG_CXX_LIBRARY = "libc++";
				CLANG_ENABLE_MODULES = YES;
				CLANG_ENABLE_OBJC_ARC = YES;
				CLANG_WARN_BOOL_CONVERSION = YES;
				CLANG_WARN_CONSTANT_CONVERSION = YES;
				CLANG_WARN_DIRECT_OBJC_ISA_USAGE = YES_ERROR;
				CLANG_WARN_EMPTY_BODY = YES;
				CLANG_WARN_ENUM_CONVERSION = YES;
				CLANG_WARN_INT_CONVERSION = YES;
				CLANG_WARN_OBJC_ROOT_CLASS = YES_ERROR;
				CLANG_WARN_UNREACHABLE_CODE = YES;
				CLANG_WARN__DUPLICATE_METHOD_MATCH = YES;
				"CODE_SIGN_IDENTITY[sdk=iphoneos*]" = "iPhone Developer";
				COPY_PHASE_STRIP = NO;
				DEBUG_INFORMATION_FORMAT = dwarf;
				ENABLE_STRICT_OBJC_MSGSEND = YES;
				ENABLE_TESTABILITY = YES;
				GCC_C_LANGUAGE_STANDARD = gnu99;
				GCC_DYNAMIC_NO_PIC = NO;
				GCC_NO_COMMON_BLOCKS = YES;
				GCC_OPTIMIZATION_LEVEL = 0;
				GCC_PREPROCESSOR_DEFINITIONS = (
					"DEBUG=1",
					"$(inherited)",
				);
				GCC_WARN_64_TO_32_BIT_CONVERSION = YES;
				GCC_WARN_ABOUT_RETURN_TYPE = YES_ERROR;
				GCC_WARN_UNDECLARED_SELECTOR = YES;
				GCC_WARN_UNINITIALIZED_AUTOS = YES_AGGRESSIVE;
				GCC_WARN_UNUSED_FUNCTION = YES;
				GCC_WARN_UNUSED_VARIABLE = YES;
				IPHONEOS_DEPLOYMENT_TARGET = 9.2;
				MTL_ENABLE_DEBUG_INFO = YES;
				ONLY_ACTIVE_ARCH = YES;
				SDKROOT = iphoneos;
				SWIFT_OPTIMIZATION_LEVEL = "-Onone";
			};
			name = Debug;
		};
		3CDBAE041C6DC2F3003A26EC /* Release */ = {
			isa = XCBuildConfiguration;
			buildSettings = {
				ALWAYS_SEARCH_USER_PATHS = NO;
				CLANG_CXX_LANGUAGE_STANDARD = "gnu++0x";
				CLANG_CXX_LIBRARY = "libc++";
				CLANG_ENABLE_MODULES = YES;
				CLANG_ENABLE_OBJC_ARC = YES;
				CLANG_WARN_BOOL_CONVERSION = YES;
				CLANG_WARN_CONSTANT_CONVERSION = YES;
				CLANG_WARN_DIRECT_OBJC_ISA_USAGE = YES_ERROR;
				CLANG_WARN_EMPTY_BODY = YES;
				CLANG_WARN_ENUM_CONVERSION = YES;
				CLANG_WARN_INT_CONVERSION = YES;
				CLANG_WARN_OBJC_ROOT_CLASS = YES_ERROR;
				CLANG_WARN_UNREACHABLE_CODE = YES;
				CLANG_WARN__DUPLICATE_METHOD_MATCH = YES;
				"CODE_SIGN_IDENTITY[sdk=iphoneos*]" = "iPhone Developer";
				COPY_PHASE_STRIP = NO;
				DEBUG_INFORMATION_FORMAT = "dwarf-with-dsym";
				ENABLE_NS_ASSERTIONS = NO;
				ENABLE_STRICT_OBJC_MSGSEND = YES;
				GCC_C_LANGUAGE_STANDARD = gnu99;
				GCC_NO_COMMON_BLOCKS = YES;
				GCC_WARN_64_TO_32_BIT_CONVERSION = YES;
				GCC_WARN_ABOUT_RETURN_TYPE = YES_ERROR;
				GCC_WARN_UNDECLARED_SELECTOR = YES;
				GCC_WARN_UNINITIALIZED_AUTOS = YES_AGGRESSIVE;
				GCC_WARN_UNUSED_FUNCTION = YES;
				GCC_WARN_UNUSED_VARIABLE = YES;
				IPHONEOS_DEPLOYMENT_TARGET = 9.2;
				MTL_ENABLE_DEBUG_INFO = NO;
				SDKROOT = iphoneos;
				VALIDATE_PRODUCT = YES;
			};
			name = Release;
		};
		3CDBAE061C6DC2F3003A26EC /* Debug */ = {
			isa = XCBuildConfiguration;
			buildSettings = {
				ASSETCATALOG_COMPILER_APPICON_NAME = AppIcon;
				INFOPLIST_FILE = "Sell'n Yum/Info.plist";
				LD_RUNPATH_SEARCH_PATHS = "$(inherited) @executable_path/Frameworks";
				PRODUCT_BUNDLE_IDENTIFIER = "Jonathan-Durieu.Sell-n-Yum";
				PRODUCT_NAME = "$(TARGET_NAME)";
				TARGETED_DEVICE_FAMILY = "1,2";
			};
			name = Debug;
		};
		3CDBAE071C6DC2F3003A26EC /* Release */ = {
			isa = XCBuildConfiguration;
			buildSettings = {
				ASSETCATALOG_COMPILER_APPICON_NAME = AppIcon;
				INFOPLIST_FILE = "Sell'n Yum/Info.plist";
				LD_RUNPATH_SEARCH_PATHS = "$(inherited) @executable_path/Frameworks";
				PRODUCT_BUNDLE_IDENTIFIER = "Jonathan-Durieu.Sell-n-Yum";
				PRODUCT_NAME = "$(TARGET_NAME)";
				TARGETED_DEVICE_FAMILY = "1,2";
			};
			name = Release;
		};
/* End XCBuildConfiguration section */

/* Begin XCConfigurationList section */
		3CDBADEE1C6DC2F3003A26EC /* Build configuration list for PBXProject "Sell'n Yum" */ = {
			isa = XCConfigurationList;
			buildConfigurations = (
				3CDBAE031C6DC2F3003A26EC /* Debug */,
				3CDBAE041C6DC2F3003A26EC /* Release */,
			);
			defaultConfigurationIsVisible = 0;
			defaultConfigurationName = Release;
		};
		3CDBAE051C6DC2F3003A26EC /* Build configuration list for PBXNativeTarget "Sell'n Yum" */ = {
			isa = XCConfigurationList;
			buildConfigurations = (
				3CDBAE061C6DC2F3003A26EC /* Debug */,
				3CDBAE071C6DC2F3003A26EC /* Release */,
			);
			defaultConfigurationIsVisible = 0;
			defaultConfigurationName = Release;
		};
/* End XCConfigurationList section */
	};
	rootObject = 3CDBADEB1C6DC2F3003A26EC /* Project object */;
}
